
Microsoft Visual Studio Solution File, Format Version 12.00
# Visual Studio Version 17
VisualStudioVersion = 17.10.35122.118
MinimumVisualStudioVersion = 10.0.40219.1
Project("{FAE04EC0-301F-11D3-BF4B-00C04F79EFBC}") = "Phigment", "Phigment\Phigment.csproj", "{B3F26650-7068-4B27-8D81-27039D5FECCA}"
EndProject
Global
	GlobalSection(SolutionConfigurationPlatforms) = preSolution
		Debug|Any CPU = Debug|Any CPU
		Release|Any CPU = Release|Any CPU
	EndGlobalSection
	GlobalSection(ProjectConfigurationPlatforms) = postSolution
		{B3F26650-7068-4B27-8D81-27039D5FECCA}.Debug|Any CPU.ActiveCfg = Debug|Any CPU
		{B3F26650-7068-4B27-8D81-27039D5FECCA}.Debug|Any CPU.Build.0 = Debug|Any CPU
		{B3F26650-7068-4B27-8D81-27039D5FECCA}.Release|Any CPU.ActiveCfg = Release|Any CPU
		{B3F26650-7068-4B27-8D81-27039D5FECCA}.Release|Any CPU.Build.0 = Release|Any CPU
	EndGlobalSection
	GlobalSection(SolutionProperties) = preSolution
		HideSolutionNode = FALSE
	EndGlobalSection
	GlobalSection(ExtensibilityGlobals) = postSolution
		SolutionGuid = {C4312C61-238A-40A1-8066-641970131E38}
	EndGlobalSection
EndGlobal
